
Microsoft Visual Studio Solution File, Format Version 12.00
# Visual Studio 2012
Project("{FAE04EC0-301F-11D3-BF4B-00C04F79EFBC}") = "Billboards.Data", "Billboards.Data\Billboards.Data.csproj", "{656EADD7-6131-4836-8F42-E8D512BA09D0}"
EndProject
Project("{FAE04EC0-301F-11D3-BF4B-00C04F79EFBC}") = "Billboards.Data.Tests", "Billboard.Data.Tests\Billboards.Data.Tests.csproj", "{CC94B357-C4B7-40E7-A49F-B7DF634409F6}"
EndProject
Project("{FAE04EC0-301F-11D3-BF4B-00C04F79EFBC}") = "Billboards.Data.Xml", "Billboards.Data.Xml\Billboards.Data.Xml.csproj", "{33489E2E-E6E2-47C6-9D5B-51C8E460BB99}"
EndProject
Project("{FAE04EC0-301F-11D3-BF4B-00C04F79EFBC}") = "Billboards.Model", "Billboards.Data.Domain\Billboards.Model.csproj", "{9E84DFB2-DD2C-4F7B-B001-6AE5EDF47CD6}"
EndProject
Project("{FAE04EC0-301F-11D3-BF4B-00C04F79EFBC}") = "Billboards.Data.Contracts", "Billboards.Data.Contracts\Billboards.Data.Contracts.csproj", "{11E502EB-08BF-44BD-88C1-ADBB9110E5F4}"
EndProject
Project("{FAE04EC0-301F-11D3-BF4B-00C04F79EFBC}") = "Billboards.Web", "Billboards.Web\Billboards.Web.csproj", "{E079384C-F0A1-43B0-990E-7C2F302A7625}"
EndProject
Project("{2150E333-8FDC-42A3-9474-1A3956D46DE8}") = "Solution Items", "Solution Items", "{027C97FE-E062-4687-9ED9-AEEF66551ECA}"
EndProject
Global
	GlobalSection(SolutionConfigurationPlatforms) = preSolution
		Debug|Any CPU = Debug|Any CPU
		Release|Any CPU = Release|Any CPU
	EndGlobalSection
	GlobalSection(ProjectConfigurationPlatforms) = postSolution
		{656EADD7-6131-4836-8F42-E8D512BA09D0}.Debug|Any CPU.ActiveCfg = Debug|Any CPU
		{656EADD7-6131-4836-8F42-E8D512BA09D0}.Debug|Any CPU.Build.0 = Debug|Any CPU
		{656EADD7-6131-4836-8F42-E8D512BA09D0}.Release|Any CPU.ActiveCfg = Release|Any CPU
		{656EADD7-6131-4836-8F42-E8D512BA09D0}.Release|Any CPU.Build.0 = Release|Any CPU
		{CC94B357-C4B7-40E7-A49F-B7DF634409F6}.Debug|Any CPU.ActiveCfg = Debug|Any CPU
		{CC94B357-C4B7-40E7-A49F-B7DF634409F6}.Debug|Any CPU.Build.0 = Debug|Any CPU
		{CC94B357-C4B7-40E7-A49F-B7DF634409F6}.Release|Any CPU.ActiveCfg = Release|Any CPU
		{CC94B357-C4B7-40E7-A49F-B7DF634409F6}.Release|Any CPU.Build.0 = Release|Any CPU
		{33489E2E-E6E2-47C6-9D5B-51C8E460BB99}.Debug|Any CPU.ActiveCfg = Debug|Any CPU
		{33489E2E-E6E2-47C6-9D5B-51C8E460BB99}.Debug|Any CPU.Build.0 = Debug|Any CPU
		{33489E2E-E6E2-47C6-9D5B-51C8E460BB99}.Release|Any CPU.ActiveCfg = Release|Any CPU
		{33489E2E-E6E2-47C6-9D5B-51C8E460BB99}.Release|Any CPU.Build.0 = Release|Any CPU
		{9E84DFB2-DD2C-4F7B-B001-6AE5EDF47CD6}.Debug|Any CPU.ActiveCfg = Debug|Any CPU
		{9E84DFB2-DD2C-4F7B-B001-6AE5EDF47CD6}.Debug|Any CPU.Build.0 = Debug|Any CPU
		{9E84DFB2-DD2C-4F7B-B001-6AE5EDF47CD6}.Release|Any CPU.ActiveCfg = Release|Any CPU
		{9E84DFB2-DD2C-4F7B-B001-6AE5EDF47CD6}.Release|Any CPU.Build.0 = Release|Any CPU
		{11E502EB-08BF-44BD-88C1-ADBB9110E5F4}.Debug|Any CPU.ActiveCfg = Debug|Any CPU
		{11E502EB-08BF-44BD-88C1-ADBB9110E5F4}.Debug|Any CPU.Build.0 = Debug|Any CPU
		{11E502EB-08BF-44BD-88C1-ADBB9110E5F4}.Release|Any CPU.ActiveCfg = Release|Any CPU
		{11E502EB-08BF-44BD-88C1-ADBB9110E5F4}.Release|Any CPU.Build.0 = Release|Any CPU
		{E079384C-F0A1-43B0-990E-7C2F302A7625}.Debug|Any CPU.ActiveCfg = Debug|Any CPU
		{E079384C-F0A1-43B0-990E-7C2F302A7625}.Debug|Any CPU.Build.0 = Debug|Any CPU
		{E079384C-F0A1-43B0-990E-7C2F302A7625}.Release|Any CPU.ActiveCfg = Release|Any CPU
		{E079384C-F0A1-43B0-990E-7C2F302A7625}.Release|Any CPU.Build.0 = Release|Any CPU
	EndGlobalSection
	GlobalSection(SolutionProperties) = preSolution
		HideSolutionNode = FALSE
	EndGlobalSection
EndGlobal
